
Microsoft Visual Studio Solution File, Format Version 12.00
# Visual Studio Version 17
VisualStudioVersion = 17.7.34031.279
MinimumVisualStudioVersion = 10.0.40219.1
Project("{FAE04EC0-301F-11D3-BF4B-00C04F79EFBC}") = "PharmacyManagementSystem", "PharmacyManagementSystem\PharmacyManagementSystem.csproj", "{E331D24F-2960-4157-9225-D3E500743922}"
EndProject
Global
	GlobalSection(SolutionConfigurationPlatforms) = preSolution
		Debug|Any CPU = Debug|Any CPU
		Release|Any CPU = Release|Any CPU
	EndGlobalSection
	GlobalSection(ProjectConfigurationPlatforms) = postSolution
		{E331D24F-2960-4157-9225-D3E500743922}.Debug|Any CPU.ActiveCfg = Debug|Any CPU
		{E331D24F-2960-4157-9225-D3E500743922}.Debug|Any CPU.Build.0 = Debug|Any CPU
		{E331D24F-2960-4157-9225-D3E500743922}.Release|Any CPU.ActiveCfg = Release|Any CPU
		{E331D24F-2960-4157-9225-D3E500743922}.Release|Any CPU.Build.0 = Release|Any CPU
	EndGlobalSection
	GlobalSection(SolutionProperties) = preSolution
		HideSolutionNode = FALSE
	EndGlobalSection
	GlobalSection(ExtensibilityGlobals) = postSolution
		SolutionGuid = {2199F0B3-639A-4916-BF38-DECFD41C2B61}
	EndGlobalSection
EndGlobal
